// !$*UTF8*$!
{
	archiveVersion = 1;
	classes = {
	};
	objectVersion = 56;
	objects = {

/* Begin PBXBuildFile section */
		BC18584E2B85258900F40FBA /* StopwatchData.swift in Sources */ = {isa = PBXBuildFile; fileRef = BC18584D2B85258900F40FBA /* StopwatchData.swift */; };
		BC2FFD2B2B6A9BD8008F343B /* StopwatchesApp.swift in Sources */ = {isa = PBXBuildFile; fileRef = BC2FFD2A2B6A9BD8008F343B /* StopwatchesApp.swift */; };
		BC2FFD2D2B6A9BD8008F343B /* ContentView.swift in Sources */ = {isa = PBXBuildFile; fileRef = BC2FFD2C2B6A9BD8008F343B /* ContentView.swift */; };
		BC2FFD2F2B6A9BD9008F343B /* Assets.xcassets in Resources */ = {isa = PBXBuildFile; fileRef = BC2FFD2E2B6A9BD9008F343B /* Assets.xcassets */; };
		BC2FFD322B6A9BD9008F343B /* Preview Assets.xcassets in Resources */ = {isa = PBXBuildFile; fileRef = BC2FFD312B6A9BD9008F343B /* Preview Assets.xcassets */; };
		BC3B26642B93E52F00A97227 /* Collection.swift in Sources */ = {isa = PBXBuildFile; fileRef = BC3B26632B93E52F00A97227 /* Collection.swift */; };
		BC5C32BC2B97D79000A33C59 /* InfoPlist.strings in Resources */ = {isa = PBXBuildFile; fileRef = BC5C32BE2B97D79000A33C59 /* InfoPlist.strings */; };
		BCBBA5C32B712F6C002E5182 /* StopwatchView.swift in Sources */ = {isa = PBXBuildFile; fileRef = BCBBA5C22B712F6C002E5182 /* StopwatchView.swift */; };
		BCBBA5C82B7134B2002E5182 /* Localizable.strings in Resources */ = {isa = PBXBuildFile; fileRef = BCBBA5CA2B7134B2002E5182 /* Localizable.strings */; };
		BCBBA5D22B713C8A002E5182 /* StopwatchTime.swift in Sources */ = {isa = PBXBuildFile; fileRef = BCBBA5D12B713C8A002E5182 /* StopwatchTime.swift */; };
		BCBBA5D42B713E64002E5182 /* Stopwatch.swift in Sources */ = {isa = PBXBuildFile; fileRef = BCBBA5D32B713E64002E5182 /* Stopwatch.swift */; };
		BCBBA5D62B71417E002E5182 /* DefaultButton.swift in Sources */ = {isa = PBXBuildFile; fileRef = BCBBA5D52B71417E002E5182 /* DefaultButton.swift */; };
		BCBBA5DE2B714DD8002E5182 /* CustomDivider.swift in Sources */ = {isa = PBXBuildFile; fileRef = BCBBA5DD2B714DD8002E5182 /* CustomDivider.swift */; };
		BCBBA5E02B7164A3002E5182 /* StartAllButton.swift in Sources */ = {isa = PBXBuildFile; fileRef = BCBBA5DF2B7164A3002E5182 /* StartAllButton.swift */; };
		BCE46E282B9F78A100050BB0 /* StopwatchStatuses.swift in Sources */ = {isa = PBXBuildFile; fileRef = BCE46E272B9F78A100050BB0 /* StopwatchStatuses.swift */; };
		BCF6A1BE2B8A545900BB3FEC /* CoreDataServiceSW.swift in Sources */ = {isa = PBXBuildFile; fileRef = BCF6A1BD2B8A545900BB3FEC /* CoreDataServiceSW.swift */; };
		BCF6A1C22B8A57F000BB3FEC /* StopwatchesDataModel.xcdatamodeld in Sources */ = {isa = PBXBuildFile; fileRef = BCF6A1C02B8A57F000BB3FEC /* StopwatchesDataModel.xcdatamodeld */; };
/* End PBXBuildFile section */

/* Begin PBXFileReference section */
		BC18584D2B85258900F40FBA /* StopwatchData.swift */ = {isa = PBXFileReference; lastKnownFileType = sourcecode.swift; path = StopwatchData.swift; sourceTree = "<group>"; };
		BC2FFD272B6A9BD8008F343B /* Stopwatches.app */ = {isa = PBXFileReference; explicitFileType = wrapper.application; includeInIndex = 0; path = Stopwatches.app; sourceTree = BUILT_PRODUCTS_DIR; };
		BC2FFD2A2B6A9BD8008F343B /* StopwatchesApp.swift */ = {isa = PBXFileReference; lastKnownFileType = sourcecode.swift; path = StopwatchesApp.swift; sourceTree = "<group>"; };
		BC2FFD2C2B6A9BD8008F343B /* ContentView.swift */ = {isa = PBXFileReference; lastKnownFileType = sourcecode.swift; path = ContentView.swift; sourceTree = "<group>"; };
		BC2FFD2E2B6A9BD9008F343B /* Assets.xcassets */ = {isa = PBXFileReference; lastKnownFileType = folder.assetcatalog; path = Assets.xcassets; sourceTree = "<group>"; };
		BC2FFD312B6A9BD9008F343B /* Preview Assets.xcassets */ = {isa = PBXFileReference; lastKnownFileType = folder.assetcatalog; path = "Preview Assets.xcassets"; sourceTree = "<group>"; };
		BC3B26632B93E52F00A97227 /* Collection.swift */ = {isa = PBXFileReference; lastKnownFileType = sourcecode.swift; path = Collection.swift; sourceTree = "<group>"; };
		BC5C32B92B97D72D00A33C59 /* Info.plist */ = {isa = PBXFileReference; lastKnownFileType = text.plist; path = Info.plist; sourceTree = "<group>"; };
		BC5C32BD2B97D79000A33C59 /* ru */ = {isa = PBXFileReference; lastKnownFileType = text.plist.strings; name = ru; path = ru.lproj/InfoPlist.strings; sourceTree = "<group>"; };
		BC5C32BF2B97D79600A33C59 /* uk */ = {isa = PBXFileReference; lastKnownFileType = text.plist.strings; name = uk; path = uk.lproj/InfoPlist.strings; sourceTree = "<group>"; };
		BC5C32C02B97D79700A33C59 /* de */ = {isa = PBXFileReference; lastKnownFileType = text.plist.strings; name = de; path = de.lproj/InfoPlist.strings; sourceTree = "<group>"; };
		BC5C32C12B97D7A400A33C59 /* en */ = {isa = PBXFileReference; lastKnownFileType = text.plist.strings; name = en; path = en.lproj/InfoPlist.strings; sourceTree = "<group>"; };
		BCBBA5C22B712F6C002E5182 /* StopwatchView.swift */ = {isa = PBXFileReference; lastKnownFileType = sourcecode.swift; path = StopwatchView.swift; sourceTree = "<group>"; };
		BCBBA5C92B7134B2002E5182 /* ru */ = {isa = PBXFileReference; lastKnownFileType = text.plist.strings; name = ru; path = ru.lproj/Localizable.strings; sourceTree = "<group>"; };
		BCBBA5CB2B7134B5002E5182 /* uk */ = {isa = PBXFileReference; lastKnownFileType = text.plist.strings; name = uk; path = uk.lproj/Localizable.strings; sourceTree = "<group>"; };
		BCBBA5CC2B7134B7002E5182 /* de */ = {isa = PBXFileReference; lastKnownFileType = text.plist.strings; name = de; path = de.lproj/Localizable.strings; sourceTree = "<group>"; };
		BCBBA5D12B713C8A002E5182 /* StopwatchTime.swift */ = {isa = PBXFileReference; lastKnownFileType = sourcecode.swift; path = StopwatchTime.swift; sourceTree = "<group>"; };
		BCBBA5D32B713E64002E5182 /* Stopwatch.swift */ = {isa = PBXFileReference; lastKnownFileType = sourcecode.swift; path = Stopwatch.swift; sourceTree = "<group>"; };
		BCBBA5D52B71417E002E5182 /* DefaultButton.swift */ = {isa = PBXFileReference; lastKnownFileType = sourcecode.swift; path = DefaultButton.swift; sourceTree = "<group>"; };
		BCBBA5DD2B714DD8002E5182 /* CustomDivider.swift */ = {isa = PBXFileReference; lastKnownFileType = sourcecode.swift; path = CustomDivider.swift; sourceTree = "<group>"; };
		BCBBA5DF2B7164A3002E5182 /* StartAllButton.swift */ = {isa = PBXFileReference; lastKnownFileType = sourcecode.swift; path = StartAllButton.swift; sourceTree = "<group>"; };
		BCE46E272B9F78A100050BB0 /* StopwatchStatuses.swift */ = {isa = PBXFileReference; lastKnownFileType = sourcecode.swift; path = StopwatchStatuses.swift; sourceTree = "<group>"; };
		BCF6A1BD2B8A545900BB3FEC /* CoreDataServiceSW.swift */ = {isa = PBXFileReference; lastKnownFileType = sourcecode.swift; path = CoreDataServiceSW.swift; sourceTree = "<group>"; };
		BCF6A1C12B8A57F000BB3FEC /* StopwatchesDataModel.xcdatamodel */ = {isa = PBXFileReference; lastKnownFileType = wrapper.xcdatamodel; path = StopwatchesDataModel.xcdatamodel; sourceTree = "<group>"; };
/* End PBXFileReference section */

/* Begin PBXFrameworksBuildPhase section */
		BC2FFD242B6A9BD8008F343B /* Frameworks */ = {
			isa = PBXFrameworksBuildPhase;
			buildActionMask = 2147483647;
			files = (
			);
			runOnlyForDeploymentPostprocessing = 0;
		};
/* End PBXFrameworksBuildPhase section */

/* Begin PBXGroup section */
		BC2FFD1E2B6A9BD8008F343B = {
			isa = PBXGroup;
			children = (
				BC2FFD292B6A9BD8008F343B /* Stopwatches */,
				BC2FFD282B6A9BD8008F343B /* Products */,
			);
			sourceTree = "<group>";
		};
		BC2FFD282B6A9BD8008F343B /* Products */ = {
			isa = PBXGroup;
			children = (
				BC2FFD272B6A9BD8008F343B /* Stopwatches.app */,
			);
			name = Products;
			sourceTree = "<group>";
		};
		BC2FFD292B6A9BD8008F343B /* Stopwatches */ = {
			isa = PBXGroup;
			children = (
				BCBBA5D02B713BC9002E5182 /* View */,
				BCF6A1BC2B8A543B00BB3FEC /* Model */,
				BC2FFD2E2B6A9BD9008F343B /* Assets.xcassets */,
				BCBBA5CA2B7134B2002E5182 /* Localizable.strings */,
				BC5C32B92B97D72D00A33C59 /* Info.plist */,
				BC5C32BE2B97D79000A33C59 /* InfoPlist.strings */,
				BC2FFD302B6A9BD9008F343B /* Preview Content */,
			);
			path = Stopwatches;
			sourceTree = "<group>";
		};
		BC2FFD302B6A9BD9008F343B /* Preview Content */ = {
			isa = PBXGroup;
			children = (
				BC2FFD312B6A9BD9008F343B /* Preview Assets.xcassets */,
			);
			path = "Preview Content";
			sourceTree = "<group>";
		};
		BCBBA5CD2B713B65002E5182 /* Stopwatch */ = {
			isa = PBXGroup;
			children = (
				BCBBA5C22B712F6C002E5182 /* StopwatchView.swift */,
				BCBBA5D32B713E64002E5182 /* Stopwatch.swift */,
				BCBBA5D12B713C8A002E5182 /* StopwatchTime.swift */,
				BCBBA5DF2B7164A3002E5182 /* StartAllButton.swift */,
				BC18584D2B85258900F40FBA /* StopwatchData.swift */,
				BCE46E272B9F78A100050BB0 /* StopwatchStatuses.swift */,
			);
			path = Stopwatch;
			sourceTree = "<group>";
		};
		BCBBA5CE2B713B85002E5182 /* Core */ = {
			isa = PBXGroup;
			children = (
				BC2FFD2A2B6A9BD8008F343B /* StopwatchesApp.swift */,
				BC2FFD2C2B6A9BD8008F343B /* ContentView.swift */,
				BCBBA5D52B71417E002E5182 /* DefaultButton.swift */,
				BCBBA5DD2B714DD8002E5182 /* CustomDivider.swift */,
				BC3B26632B93E52F00A97227 /* Collection.swift */,
			);
			path = Core;
			sourceTree = "<group>";
		};
		BCBBA5D02B713BC9002E5182 /* View */ = {
			isa = PBXGroup;
			children = (
				BCBBA5CE2B713B85002E5182 /* Core */,
				BCBBA5CD2B713B65002E5182 /* Stopwatch */,
			);
			path = View;
			sourceTree = "<group>";
		};
		BCF6A1BC2B8A543B00BB3FEC /* Model */ = {
			isa = PBXGroup;
			children = (
				BCF6A1BF2B8A55EF00BB3FEC /* CoreDataService */,
			);
			path = Model;
			sourceTree = "<group>";
		};
		BCF6A1BF2B8A55EF00BB3FEC /* CoreDataService */ = {
			isa = PBXGroup;
			children = (
				BCF6A1BD2B8A545900BB3FEC /* CoreDataServiceSW.swift */,
				BCF6A1C02B8A57F000BB3FEC /* StopwatchesDataModel.xcdatamodeld */,
			);
			path = CoreDataService;
			sourceTree = "<group>";
		};
/* End PBXGroup section */

/* Begin PBXNativeTarget section */
		BC2FFD262B6A9BD8008F343B /* Stopwatches */ = {
			isa = PBXNativeTarget;
			buildConfigurationList = BC2FFD352B6A9BD9008F343B /* Build configuration list for PBXNativeTarget "Stopwatches" */;
			buildPhases = (
				BC2FFD232B6A9BD8008F343B /* Sources */,
				BC2FFD242B6A9BD8008F343B /* Frameworks */,
				BC2FFD252B6A9BD8008F343B /* Resources */,
			);
			buildRules = (
			);
			dependencies = (
			);
			name = Stopwatches;
			productName = Stopwatches;
			productReference = BC2FFD272B6A9BD8008F343B /* Stopwatches.app */;
			productType = "com.apple.product-type.application";
		};
/* End PBXNativeTarget section */

/* Begin PBXProject section */
		BC2FFD1F2B6A9BD8008F343B /* Project object */ = {
			isa = PBXProject;
			attributes = {
				BuildIndependentTargetsInParallel = 1;
				LastSwiftUpdateCheck = 1520;
				LastUpgradeCheck = 1520;
				TargetAttributes = {
					BC2FFD262B6A9BD8008F343B = {
						CreatedOnToolsVersion = 15.2;
					};
				};
			};
			buildConfigurationList = BC2FFD222B6A9BD8008F343B /* Build configuration list for PBXProject "Stopwatches" */;
			compatibilityVersion = "Xcode 14.0";
			developmentRegion = en;
			hasScannedForEncodings = 0;
			knownRegions = (
				en,
				Base,
				ru,
				uk,
				de,
			);
			mainGroup = BC2FFD1E2B6A9BD8008F343B;
			productRefGroup = BC2FFD282B6A9BD8008F343B /* Products */;
			projectDirPath = "";
			projectRoot = "";
			targets = (
				BC2FFD262B6A9BD8008F343B /* Stopwatches */,
			);
		};
/* End PBXProject section */

/* Begin PBXResourcesBuildPhase section */
		BC2FFD252B6A9BD8008F343B /* Resources */ = {
			isa = PBXResourcesBuildPhase;
			buildActionMask = 2147483647;
			files = (
				BC2FFD322B6A9BD9008F343B /* Preview Assets.xcassets in Resources */,
				BC5C32BC2B97D79000A33C59 /* InfoPlist.strings in Resources */,
				BCBBA5C82B7134B2002E5182 /* Localizable.strings in Resources */,
				BC2FFD2F2B6A9BD9008F343B /* Assets.xcassets in Resources */,
			);
			runOnlyForDeploymentPostprocessing = 0;
		};
/* End PBXResourcesBuildPhase section */

/* Begin PBXSourcesBuildPhase section */
		BC2FFD232B6A9BD8008F343B /* Sources */ = {
			isa = PBXSourcesBuildPhase;
			buildActionMask = 2147483647;
			files = (
				BC2FFD2D2B6A9BD8008F343B /* ContentView.swift in Sources */,
				BCBBA5D42B713E64002E5182 /* Stopwatch.swift in Sources */,
				BC2FFD2B2B6A9BD8008F343B /* StopwatchesApp.swift in Sources */,
				BCBBA5D22B713C8A002E5182 /* StopwatchTime.swift in Sources */,
				BCE46E282B9F78A100050BB0 /* StopwatchStatuses.swift in Sources */,
				BCF6A1BE2B8A545900BB3FEC /* CoreDataServiceSW.swift in Sources */,
				BCBBA5DE2B714DD8002E5182 /* CustomDivider.swift in Sources */,
				BCBBA5E02B7164A3002E5182 /* StartAllButton.swift in Sources */,
				BC3B26642B93E52F00A97227 /* Collection.swift in Sources */,
				BCBBA5C32B712F6C002E5182 /* StopwatchView.swift in Sources */,
				BC18584E2B85258900F40FBA /* StopwatchData.swift in Sources */,
				BCF6A1C22B8A57F000BB3FEC /* StopwatchesDataModel.xcdatamodeld in Sources */,
				BCBBA5D62B71417E002E5182 /* DefaultButton.swift in Sources */,
			);
			runOnlyForDeploymentPostprocessing = 0;
		};
/* End PBXSourcesBuildPhase section */

/* Begin PBXVariantGroup section */
		BC5C32BE2B97D79000A33C59 /* InfoPlist.strings */ = {
			isa = PBXVariantGroup;
			children = (
				BC5C32BD2B97D79000A33C59 /* ru */,
				BC5C32BF2B97D79600A33C59 /* uk */,
				BC5C32C02B97D79700A33C59 /* de */,
				BC5C32C12B97D7A400A33C59 /* en */,
			);
			name = InfoPlist.strings;
			sourceTree = "<group>";
		};
		BCBBA5CA2B7134B2002E5182 /* Localizable.strings */ = {
			isa = PBXVariantGroup;
			children = (
				BCBBA5C92B7134B2002E5182 /* ru */,
				BCBBA5CB2B7134B5002E5182 /* uk */,
				BCBBA5CC2B7134B7002E5182 /* de */,
			);
			name = Localizable.strings;
			sourceTree = "<group>";
		};
/* End PBXVariantGroup section */

/* Begin XCBuildConfiguration section */
		BC2FFD332B6A9BD9008F343B /* Debug */ = {
			isa = XCBuildConfiguration;
			buildSettings = {
				ALWAYS_SEARCH_USER_PATHS = NO;
				ASSETCATALOG_COMPILER_GENERATE_SWIFT_ASSET_SYMBOL_EXTENSIONS = YES;
				CLANG_ANALYZER_NONNULL = YES;
				CLANG_ANALYZER_NUMBER_OBJECT_CONVERSION = YES_AGGRESSIVE;
				CLANG_CXX_LANGUAGE_STANDARD = "gnu++20";
				CLANG_ENABLE_MODULES = YES;
				CLANG_ENABLE_OBJC_ARC = YES;
				CLANG_ENABLE_OBJC_WEAK = YES;
				CLANG_WARN_BLOCK_CAPTURE_AUTORELEASING = YES;
				CLANG_WARN_BOOL_CONVERSION = YES;
				CLANG_WARN_COMMA = YES;
				CLANG_WARN_CONSTANT_CONVERSION = YES;
				CLANG_WARN_DEPRECATED_OBJC_IMPLEMENTATIONS = YES;
				CLANG_WARN_DIRECT_OBJC_ISA_USAGE = YES_ERROR;
				CLANG_WARN_DOCUMENTATION_COMMENTS = YES;
				CLANG_WARN_EMPTY_BODY = YES;
				CLANG_WARN_ENUM_CONVERSION = YES;
				CLANG_WARN_INFINITE_RECURSION = YES;
				CLANG_WARN_INT_CONVERSION = YES;
				CLANG_WARN_NON_LITERAL_NULL_CONVERSION = YES;
				CLANG_WARN_OBJC_IMPLICIT_RETAIN_SELF = YES;
				CLANG_WARN_OBJC_LITERAL_CONVERSION = YES;
				CLANG_WARN_OBJC_ROOT_CLASS = YES_ERROR;
				CLANG_WARN_QUOTED_INCLUDE_IN_FRAMEWORK_HEADER = YES;
				CLANG_WARN_RANGE_LOOP_ANALYSIS = YES;
				CLANG_WARN_STRICT_PROTOTYPES = YES;
				CLANG_WARN_SUSPICIOUS_MOVE = YES;
				CLANG_WARN_UNGUARDED_AVAILABILITY = YES_AGGRESSIVE;
				CLANG_WARN_UNREACHABLE_CODE = YES;
				CLANG_WARN__DUPLICATE_METHOD_MATCH = YES;
				COPY_PHASE_STRIP = NO;
				DEBUG_INFORMATION_FORMAT = dwarf;
				ENABLE_STRICT_OBJC_MSGSEND = YES;
				ENABLE_TESTABILITY = YES;
				ENABLE_USER_SCRIPT_SANDBOXING = YES;
				GCC_C_LANGUAGE_STANDARD = gnu17;
				GCC_DYNAMIC_NO_PIC = NO;
				GCC_NO_COMMON_BLOCKS = YES;
				GCC_OPTIMIZATION_LEVEL = 0;
				GCC_PREPROCESSOR_DEFINITIONS = (
					"DEBUG=1",
					"$(inherited)",
				);
				GCC_WARN_64_TO_32_BIT_CONVERSION = YES;
				GCC_WARN_ABOUT_RETURN_TYPE = YES_ERROR;
				GCC_WARN_UNDECLARED_SELECTOR = YES;
				GCC_WARN_UNINITIALIZED_AUTOS = YES_AGGRESSIVE;
				GCC_WARN_UNUSED_FUNCTION = YES;
				GCC_WARN_UNUSED_VARIABLE = YES;
				IPHONEOS_DEPLOYMENT_TARGET = 16.0;
				LOCALIZATION_PREFERS_STRING_CATALOGS = YES;
				MTL_ENABLE_DEBUG_INFO = INCLUDE_SOURCE;
				MTL_FAST_MATH = YES;
				ONLY_ACTIVE_ARCH = YES;
				SDKROOT = iphoneos;
				SWIFT_ACTIVE_COMPILATION_CONDITIONS = "DEBUG $(inherited)";
				SWIFT_OPTIMIZATION_LEVEL = "-Onone";
			};
			name = Debug;
		};
		BC2FFD342B6A9BD9008F343B /* Release */ = {
			isa = XCBuildConfiguration;
			buildSettings = {
				ALWAYS_SEARCH_USER_PATHS = NO;
				ASSETCATALOG_COMPILER_GENERATE_SWIFT_ASSET_SYMBOL_EXTENSIONS = YES;
				CLANG_ANALYZER_NONNULL = YES;
				CLANG_ANALYZER_NUMBER_OBJECT_CONVERSION = YES_AGGRESSIVE;
				CLANG_CXX_LANGUAGE_STANDARD = "gnu++20";
				CLANG_ENABLE_MODULES = YES;
				CLANG_ENABLE_OBJC_ARC = YES;
				CLANG_ENABLE_OBJC_WEAK = YES;
				CLANG_WARN_BLOCK_CAPTURE_AUTORELEASING = YES;
				CLANG_WARN_BOOL_CONVERSION = YES;
				CLANG_WARN_COMMA = YES;
				CLANG_WARN_CONSTANT_CONVERSION = YES;
				CLANG_WARN_DEPRECATED_OBJC_IMPLEMENTATIONS = YES;
				CLANG_WARN_DIRECT_OBJC_ISA_USAGE = YES_ERROR;
				CLANG_WARN_DOCUMENTATION_COMMENTS = YES;
				CLANG_WARN_EMPTY_BODY = YES;
				CLANG_WARN_ENUM_CONVERSION = YES;
				CLANG_WARN_INFINITE_RECURSION = YES;
				CLANG_WARN_INT_CONVERSION = YES;
				CLANG_WARN_NON_LITERAL_NULL_CONVERSION = YES;
				CLANG_WARN_OBJC_IMPLICIT_RETAIN_SELF = YES;
				CLANG_WARN_OBJC_LITERAL_CONVERSION = YES;
				CLANG_WARN_OBJC_ROOT_CLASS = YES_ERROR;
				CLANG_WARN_QUOTED_INCLUDE_IN_FRAMEWORK_HEADER = YES;
				CLANG_WARN_RANGE_LOOP_ANALYSIS = YES;
				CLANG_WARN_STRICT_PROTOTYPES = YES;
				CLANG_WARN_SUSPICIOUS_MOVE = YES;
				CLANG_WARN_UNGUARDED_AVAILABILITY = YES_AGGRESSIVE;
				CLANG_WARN_UNREACHABLE_CODE = YES;
				CLANG_WARN__DUPLICATE_METHOD_MATCH = YES;
				COPY_PHASE_STRIP = NO;
				DEBUG_INFORMATION_FORMAT = "dwarf-with-dsym";
				ENABLE_NS_ASSERTIONS = NO;
				ENABLE_STRICT_OBJC_MSGSEND = YES;
				ENABLE_USER_SCRIPT_SANDBOXING = YES;
				GCC_C_LANGUAGE_STANDARD = gnu17;
				GCC_NO_COMMON_BLOCKS = YES;
				GCC_WARN_64_TO_32_BIT_CONVERSION = YES;
				GCC_WARN_ABOUT_RETURN_TYPE = YES_ERROR;
				GCC_WARN_UNDECLARED_SELECTOR = YES;
				GCC_WARN_UNINITIALIZED_AUTOS = YES_AGGRESSIVE;
				GCC_WARN_UNUSED_FUNCTION = YES;
				GCC_WARN_UNUSED_VARIABLE = YES;
				IPHONEOS_DEPLOYMENT_TARGET = 16.0;
				LOCALIZATION_PREFERS_STRING_CATALOGS = YES;
				MTL_ENABLE_DEBUG_INFO = NO;
				MTL_FAST_MATH = YES;
				SDKROOT = iphoneos;
				SWIFT_COMPILATION_MODE = wholemodule;
				VALIDATE_PRODUCT = YES;
			};
			name = Release;
		};
		BC2FFD362B6A9BD9008F343B /* Debug */ = {
			isa = XCBuildConfiguration;
			buildSettings = {
				ASSETCATALOG_COMPILER_APPICON_NAME = AppIcon;
				ASSETCATALOG_COMPILER_GLOBAL_ACCENT_COLOR_NAME = AccentColor;
				CODE_SIGN_STYLE = Automatic;
				CURRENT_PROJECT_VERSION = 1;
				DEVELOPMENT_ASSET_PATHS = "\"Stopwatches/Preview Content\"";
				DEVELOPMENT_TEAM = ZK7BYU4ARD;
				ENABLE_PREVIEWS = YES;
				GENERATE_INFOPLIST_FILE = YES;
				INFOPLIST_FILE = Stopwatches/Info.plist;
				INFOPLIST_KEY_CFBundleDisplayName = Stopwatches;
				INFOPLIST_KEY_LSApplicationCategoryType = "public.app-category.healthcare-fitness";
				INFOPLIST_KEY_UIApplicationSceneManifest_Generation = YES;
				INFOPLIST_KEY_UIApplicationSupportsIndirectInputEvents = YES;
				INFOPLIST_KEY_UILaunchScreen_Generation = YES;
				INFOPLIST_KEY_UISupportedInterfaceOrientations_iPad = "UIInterfaceOrientationPortrait UIInterfaceOrientationPortraitUpsideDown UIInterfaceOrientationLandscapeLeft UIInterfaceOrientationLandscapeRight";
				INFOPLIST_KEY_UISupportedInterfaceOrientations_iPhone = "UIInterfaceOrientationPortrait UIInterfaceOrientationLandscapeLeft UIInterfaceOrientationLandscapeRight";
				LD_RUNPATH_SEARCH_PATHS = (
					"$(inherited)",
					"@executable_path/Frameworks",
				);
				MARKETING_VERSION = 1.1;
				PRODUCT_BUNDLE_IDENTIFIER = com.matsulenko.Stopwatches;
				PRODUCT_NAME = "$(TARGET_NAME)";
				SWIFT_EMIT_LOC_STRINGS = YES;
				SWIFT_VERSION = 5.0;
				TARGETED_DEVICE_FAMILY = "1,2";
			};
			name = Debug;
		};
		BC2FFD372B6A9BD9008F343B /* Release */ = {
			isa = XCBuildConfiguration;
			buildSettings = {
				ASSETCATALOG_COMPILER_APPICON_NAME = AppIcon;
				ASSETCATALOG_COMPILER_GLOBAL_ACCENT_COLOR_NAME = AccentColor;
				CODE_SIGN_STYLE = Automatic;
				CURRENT_PROJECT_VERSION = 1;
				DEVELOPMENT_ASSET_PATHS = "\"Stopwatches/Preview Content\"";
				DEVELOPMENT_TEAM = ZK7BYU4ARD;
				ENABLE_PREVIEWS = YES;
				GENERATE_INFOPLIST_FILE = YES;
				INFOPLIST_FILE = Stopwatches/Info.plist;
				INFOPLIST_KEY_CFBundleDisplayName = Stopwatches;
				INFOPLIST_KEY_LSApplicationCategoryType = "public.app-category.healthcare-fitness";
				INFOPLIST_KEY_UIApplicationSceneManifest_Generation = YES;
				INFOPLIST_KEY_UIApplicationSupportsIndirectInputEvents = YES;
				INFOPLIST_KEY_UILaunchScreen_Generation = YES;
				INFOPLIST_KEY_UISupportedInterfaceOrientations_iPad = "UIInterfaceOrientationPortrait UIInterfaceOrientationPortraitUpsideDown UIInterfaceOrientationLandscapeLeft UIInterfaceOrientationLandscapeRight";
				INFOPLIST_KEY_UISupportedInterfaceOrientations_iPhone = "UIInterfaceOrientationPortrait UIInterfaceOrientationLandscapeLeft UIInterfaceOrientationLandscapeRight";
				LD_RUNPATH_SEARCH_PATHS = (
					"$(inherited)",
					"@executable_path/Frameworks",
				);
				MARKETING_VERSION = 1.1;
				PRODUCT_BUNDLE_IDENTIFIER = com.matsulenko.Stopwatches;
				PRODUCT_NAME = "$(TARGET_NAME)";
				SWIFT_EMIT_LOC_STRINGS = YES;
				SWIFT_VERSION = 5.0;
				TARGETED_DEVICE_FAMILY = "1,2";
			};
			name = Release;
		};
/* End XCBuildConfiguration section */

/* Begin XCConfigurationList section */
		BC2FFD222B6A9BD8008F343B /* Build configuration list for PBXProject "Stopwatches" */ = {
			isa = XCConfigurationList;
			buildConfigurations = (
				BC2FFD332B6A9BD9008F343B /* Debug */,
				BC2FFD342B6A9BD9008F343B /* Release */,
			);
			defaultConfigurationIsVisible = 0;
			defaultConfigurationName = Release;
		};
		BC2FFD352B6A9BD9008F343B /* Build configuration list for PBXNativeTarget "Stopwatches" */ = {
			isa = XCConfigurationList;
			buildConfigurations = (
				BC2FFD362B6A9BD9008F343B /* Debug */,
				BC2FFD372B6A9BD9008F343B /* Release */,
			);
			defaultConfigurationIsVisible = 0;
			defaultConfigurationName = Release;
		};
/* End XCConfigurationList section */

/* Begin XCVersionGroup section */
		BCF6A1C02B8A57F000BB3FEC /* StopwatchesDataModel.xcdatamodeld */ = {
			isa = XCVersionGroup;
			children = (
				BCF6A1C12B8A57F000BB3FEC /* StopwatchesDataModel.xcdatamodel */,
			);
			currentVersion = BCF6A1C12B8A57F000BB3FEC /* StopwatchesDataModel.xcdatamodel */;
			path = StopwatchesDataModel.xcdatamodeld;
			sourceTree = "<group>";
			versionGroupType = wrapper.xcdatamodel;
		};
/* End XCVersionGroup section */
	};
	rootObject = BC2FFD1F2B6A9BD8008F343B /* Project object */;
}
